
Microsoft Visual Studio Solution File, Format Version 11.00
# Visual Studio 2010
Project("{FAE04EC0-301F-11D3-BF4B-00C04F79EFBC}") = "BookLibrary.Domain", "BookLibrary.Domain\BookLibrary.Domain.csproj", "{E7C31503-C66E-477B-B05A-F8D26EF2BBC1}"
EndProject
Project("{FAE04EC0-301F-11D3-BF4B-00C04F79EFBC}") = "BookLibrary.Tests.Unit", "BookLibrary.Tests.Unit\BookLibrary.Tests.Unit.csproj", "{E16B3651-8C14-4DE9-9F9B-BE0DF96F9271}"
EndProject
Project("{FAE04EC0-301F-11D3-BF4B-00C04F79EFBC}") = "BookLibrary.EventStore", "BookLibrary.EventStore\BookLibrary.EventStore.csproj", "{18CE3C6E-997F-44B8-976D-6EECDBF480AC}"
EndProject
Project("{FAE04EC0-301F-11D3-BF4B-00C04F79EFBC}") = "BookLibrary.Events", "BookLibrary.Events\BookLibrary.Events.csproj", "{15A8A5EE-DCD4-4861-A5ED-D712612D9D0F}"
EndProject
Global
	GlobalSection(SolutionConfigurationPlatforms) = preSolution
		Debug|Any CPU = Debug|Any CPU
		Release|Any CPU = Release|Any CPU
	EndGlobalSection
	GlobalSection(ProjectConfigurationPlatforms) = postSolution
		{E7C31503-C66E-477B-B05A-F8D26EF2BBC1}.Debug|Any CPU.ActiveCfg = Debug|Any CPU
		{E7C31503-C66E-477B-B05A-F8D26EF2BBC1}.Debug|Any CPU.Build.0 = Debug|Any CPU
		{E7C31503-C66E-477B-B05A-F8D26EF2BBC1}.Release|Any CPU.ActiveCfg = Release|Any CPU
		{E7C31503-C66E-477B-B05A-F8D26EF2BBC1}.Release|Any CPU.Build.0 = Release|Any CPU
		{E16B3651-8C14-4DE9-9F9B-BE0DF96F9271}.Debug|Any CPU.ActiveCfg = Debug|Any CPU
		{E16B3651-8C14-4DE9-9F9B-BE0DF96F9271}.Debug|Any CPU.Build.0 = Debug|Any CPU
		{E16B3651-8C14-4DE9-9F9B-BE0DF96F9271}.Release|Any CPU.ActiveCfg = Release|Any CPU
		{E16B3651-8C14-4DE9-9F9B-BE0DF96F9271}.Release|Any CPU.Build.0 = Release|Any CPU
		{18CE3C6E-997F-44B8-976D-6EECDBF480AC}.Debug|Any CPU.ActiveCfg = Debug|Any CPU
		{18CE3C6E-997F-44B8-976D-6EECDBF480AC}.Debug|Any CPU.Build.0 = Debug|Any CPU
		{18CE3C6E-997F-44B8-976D-6EECDBF480AC}.Release|Any CPU.ActiveCfg = Release|Any CPU
		{18CE3C6E-997F-44B8-976D-6EECDBF480AC}.Release|Any CPU.Build.0 = Release|Any CPU
		{15A8A5EE-DCD4-4861-A5ED-D712612D9D0F}.Debug|Any CPU.ActiveCfg = Debug|Any CPU
		{15A8A5EE-DCD4-4861-A5ED-D712612D9D0F}.Debug|Any CPU.Build.0 = Debug|Any CPU
		{15A8A5EE-DCD4-4861-A5ED-D712612D9D0F}.Release|Any CPU.ActiveCfg = Release|Any CPU
		{15A8A5EE-DCD4-4861-A5ED-D712612D9D0F}.Release|Any CPU.Build.0 = Release|Any CPU
	EndGlobalSection
	GlobalSection(SolutionProperties) = preSolution
		HideSolutionNode = FALSE
	EndGlobalSection
EndGlobal
